<Solution>
  <Folder Name="/src/">
    <Project Path="src/DILifetimes/DILifetimes.csproj" />
    <Project Path="src/DomainDrivenDesign/DomainDrivenDesign.csproj" />
    <Project Path="src/EFCoreInternals/EFCoreInternals.csproj" />
    <Project Path="src/LeetCode/LeetCode.csproj" />
  </Folder>
  <Folder Name="/tests/">
    <Project Path="tests/LeetCode.Tests/LeetCode.Tests.csproj" />
  </Folder>
</Solution>
